
Microsoft Visual Studio Solution File, Format Version 12.00
# Visual Studio Version 16
VisualStudioVersion = 16.0.29905.134
MinimumVisualStudioVersion = 10.0.40219.1
Project("{FAE04EC0-301F-11D3-BF4B-00C04F79EFBC}") = "ProductDataEngineering.Application", "ProductDataEngineering.Application\ProductDataEngineering.Application.csproj", "{8F63EBD7-1B8C-4C34-9985-4AA20CEFC210}"
EndProject
Project("{FAE04EC0-301F-11D3-BF4B-00C04F79EFBC}") = "ProductDataEngineering.Data", "ProductDataEngineering.Data\ProductDataEngineering.Data.csproj", "{94EB542F-90AD-4BDD-84C4-CE27EF3AFFA5}"
EndProject
Project("{FAE04EC0-301F-11D3-BF4B-00C04F79EFBC}") = "ProductDataEngineering.Domain", "ProductDataEngineering.Domain\ProductDataEngineering.Domain.csproj", "{470F1D4D-ECE9-4E09-86F8-A28A67249A43}"
EndProject
Project("{FAE04EC0-301F-11D3-BF4B-00C04F79EFBC}") = "Services", "Services\Services.csproj", "{9B222E8E-C963-4381-933C-31803992B570}"
EndProject
Global
	GlobalSection(SolutionConfigurationPlatforms) = preSolution
		Debug|Any CPU = Debug|Any CPU
		Release|Any CPU = Release|Any CPU
	EndGlobalSection
	GlobalSection(ProjectConfigurationPlatforms) = postSolution
		{8F63EBD7-1B8C-4C34-9985-4AA20CEFC210}.Debug|Any CPU.ActiveCfg = Debug|Any CPU
		{8F63EBD7-1B8C-4C34-9985-4AA20CEFC210}.Debug|Any CPU.Build.0 = Debug|Any CPU
		{8F63EBD7-1B8C-4C34-9985-4AA20CEFC210}.Release|Any CPU.ActiveCfg = Release|Any CPU
		{8F63EBD7-1B8C-4C34-9985-4AA20CEFC210}.Release|Any CPU.Build.0 = Release|Any CPU
		{94EB542F-90AD-4BDD-84C4-CE27EF3AFFA5}.Debug|Any CPU.ActiveCfg = Debug|Any CPU
		{94EB542F-90AD-4BDD-84C4-CE27EF3AFFA5}.Debug|Any CPU.Build.0 = Debug|Any CPU
		{94EB542F-90AD-4BDD-84C4-CE27EF3AFFA5}.Release|Any CPU.ActiveCfg = Release|Any CPU
		{94EB542F-90AD-4BDD-84C4-CE27EF3AFFA5}.Release|Any CPU.Build.0 = Release|Any CPU
		{470F1D4D-ECE9-4E09-86F8-A28A67249A43}.Debug|Any CPU.ActiveCfg = Debug|Any CPU
		{470F1D4D-ECE9-4E09-86F8-A28A67249A43}.Debug|Any CPU.Build.0 = Debug|Any CPU
		{470F1D4D-ECE9-4E09-86F8-A28A67249A43}.Release|Any CPU.ActiveCfg = Release|Any CPU
		{470F1D4D-ECE9-4E09-86F8-A28A67249A43}.Release|Any CPU.Build.0 = Release|Any CPU
		{9B222E8E-C963-4381-933C-31803992B570}.Debug|Any CPU.ActiveCfg = Debug|Any CPU
		{9B222E8E-C963-4381-933C-31803992B570}.Debug|Any CPU.Build.0 = Debug|Any CPU
		{9B222E8E-C963-4381-933C-31803992B570}.Release|Any CPU.ActiveCfg = Release|Any CPU
		{9B222E8E-C963-4381-933C-31803992B570}.Release|Any CPU.Build.0 = Release|Any CPU
	EndGlobalSection
	GlobalSection(SolutionProperties) = preSolution
		HideSolutionNode = FALSE
	EndGlobalSection
	GlobalSection(ExtensibilityGlobals) = postSolution
		SolutionGuid = {4FEAA014-6C8B-4484-8180-364549EA636F}
	EndGlobalSection
EndGlobal
